
Microsoft Visual Studio Solution File, Format Version 12.00
# Visual Studio Version 17
VisualStudioVersion = 17.5.33530.505
MinimumVisualStudioVersion = 10.0.40219.1
Project("{2150E333-8FDC-42A3-9474-1A3956D46DE8}") = "src", "src", "{C3524F57-630F-4DF2-B8C0-B2C0683E00C8}"
EndProject
Project("{9A19103F-16F7-4668-BE54-9A1E7A4F7556}") = "MYUPDZ.Domain", "src\MYUPDZ.Domain\MYUPDZ.Domain.csproj", "{AFA78272-DA4F-425E-B950-7DA2F4CDE153}"
EndProject
Project("{9A19103F-16F7-4668-BE54-9A1E7A4F7556}") = "MYUPDZ.Application", "src\MYUPDZ.Application\MYUPDZ.Application.csproj", "{6DF29A89-827C-4700-ADC7-B06E9D8B3CCF}"
EndProject
Project("{9A19103F-16F7-4668-BE54-9A1E7A4F7556}") = "MYUPDZ.Infrastructure", "src\MYUPDZ.Infrastructure\MYUPDZ.Infrastructure.csproj", "{14A7C1E1-B342-4047-B5E0-251816F0B199}"
EndProject
Project("{9A19103F-16F7-4668-BE54-9A1E7A4F7556}") = "MYUPDZ.Api", "src\MYUPDZ.Api\MYUPDZ.Api.csproj", "{55B40418-546A-46B7-931E-051AEE76FE41}"
EndProject
Global
	GlobalSection(SolutionConfigurationPlatforms) = preSolution
		Debug|Any CPU = Debug|Any CPU
		Release|Any CPU = Release|Any CPU
	EndGlobalSection
	GlobalSection(ProjectConfigurationPlatforms) = postSolution
		{AFA78272-DA4F-425E-B950-7DA2F4CDE153}.Debug|Any CPU.ActiveCfg = Debug|Any CPU
		{AFA78272-DA4F-425E-B950-7DA2F4CDE153}.Debug|Any CPU.Build.0 = Debug|Any CPU
		{AFA78272-DA4F-425E-B950-7DA2F4CDE153}.Release|Any CPU.ActiveCfg = Release|Any CPU
		{AFA78272-DA4F-425E-B950-7DA2F4CDE153}.Release|Any CPU.Build.0 = Release|Any CPU
		{6DF29A89-827C-4700-ADC7-B06E9D8B3CCF}.Debug|Any CPU.ActiveCfg = Debug|Any CPU
		{6DF29A89-827C-4700-ADC7-B06E9D8B3CCF}.Debug|Any CPU.Build.0 = Debug|Any CPU
		{6DF29A89-827C-4700-ADC7-B06E9D8B3CCF}.Release|Any CPU.ActiveCfg = Release|Any CPU
		{6DF29A89-827C-4700-ADC7-B06E9D8B3CCF}.Release|Any CPU.Build.0 = Release|Any CPU
		{14A7C1E1-B342-4047-B5E0-251816F0B199}.Debug|Any CPU.ActiveCfg = Debug|Any CPU
		{14A7C1E1-B342-4047-B5E0-251816F0B199}.Debug|Any CPU.Build.0 = Debug|Any CPU
		{14A7C1E1-B342-4047-B5E0-251816F0B199}.Release|Any CPU.ActiveCfg = Release|Any CPU
		{14A7C1E1-B342-4047-B5E0-251816F0B199}.Release|Any CPU.Build.0 = Release|Any CPU
		{55B40418-546A-46B7-931E-051AEE76FE41}.Debug|Any CPU.ActiveCfg = Debug|Any CPU
		{55B40418-546A-46B7-931E-051AEE76FE41}.Debug|Any CPU.Build.0 = Debug|Any CPU
		{55B40418-546A-46B7-931E-051AEE76FE41}.Release|Any CPU.ActiveCfg = Release|Any CPU
		{55B40418-546A-46B7-931E-051AEE76FE41}.Release|Any CPU.Build.0 = Release|Any CPU
	EndGlobalSection
	GlobalSection(SolutionProperties) = preSolution
		HideSolutionNode = FALSE
	EndGlobalSection
	GlobalSection(NestedProjects) = preSolution
		{AFA78272-DA4F-425E-B950-7DA2F4CDE153} = {C3524F57-630F-4DF2-B8C0-B2C0683E00C8}
		{6DF29A89-827C-4700-ADC7-B06E9D8B3CCF} = {C3524F57-630F-4DF2-B8C0-B2C0683E00C8}
		{14A7C1E1-B342-4047-B5E0-251816F0B199} = {C3524F57-630F-4DF2-B8C0-B2C0683E00C8}
		{55B40418-546A-46B7-931E-051AEE76FE41} = {C3524F57-630F-4DF2-B8C0-B2C0683E00C8}
	EndGlobalSection
	GlobalSection(ExtensibilityGlobals) = postSolution
		SolutionGuid = {EDEECE9D-2E45-49E6-9D4A-20E2DCFAF221}
	EndGlobalSection
EndGlobal
