
Microsoft Visual Studio Solution File, Format Version 12.00
# Visual Studio Version 17
VisualStudioVersion = 17.5.33530.505
MinimumVisualStudioVersion = 10.0.40219.1
Project("{9A19103F-16F7-4668-BE54-9A1E7A4F7556}") = "MYUPDZ.Api", "src\MYUPDZ.Api\MYUPDZ.Api.csproj", "{043B594B-CF29-4317-9D18-07CE37332E71}"
EndProject
Project("{9A19103F-16F7-4668-BE54-9A1E7A4F7556}") = "MYUPDZ.Domain", "src\MYUPDZ.Domain\MYUPDZ.Domain.csproj", "{7FCC5D6D-B68E-4CBA-A59B-5BA371467841}"
EndProject
Project("{9A19103F-16F7-4668-BE54-9A1E7A4F7556}") = "MYUPDZ.Application", "src\MYUPDZ.Application\MYUPDZ.Application.csproj", "{5B87ACEA-6694-4717-865A-C91589A90FC6}"
EndProject
Project("{9A19103F-16F7-4668-BE54-9A1E7A4F7556}") = "MYUPDZ.Infrastructure", "src\MYUPDZ.Infrastructure\MYUPDZ.Infrastructure.csproj", "{6FB01904-D75D-408C-AAAC-EFE830EB9ECE}"
EndProject
Global
	GlobalSection(SolutionConfigurationPlatforms) = preSolution
		Debug|Any CPU = Debug|Any CPU
		Release|Any CPU = Release|Any CPU
	EndGlobalSection
	GlobalSection(ProjectConfigurationPlatforms) = postSolution
		{043B594B-CF29-4317-9D18-07CE37332E71}.Debug|Any CPU.ActiveCfg = Debug|Any CPU
		{043B594B-CF29-4317-9D18-07CE37332E71}.Debug|Any CPU.Build.0 = Debug|Any CPU
		{043B594B-CF29-4317-9D18-07CE37332E71}.Release|Any CPU.ActiveCfg = Release|Any CPU
		{043B594B-CF29-4317-9D18-07CE37332E71}.Release|Any CPU.Build.0 = Release|Any CPU
		{7FCC5D6D-B68E-4CBA-A59B-5BA371467841}.Debug|Any CPU.ActiveCfg = Debug|Any CPU
		{7FCC5D6D-B68E-4CBA-A59B-5BA371467841}.Debug|Any CPU.Build.0 = Debug|Any CPU
		{7FCC5D6D-B68E-4CBA-A59B-5BA371467841}.Release|Any CPU.ActiveCfg = Release|Any CPU
		{7FCC5D6D-B68E-4CBA-A59B-5BA371467841}.Release|Any CPU.Build.0 = Release|Any CPU
		{5B87ACEA-6694-4717-865A-C91589A90FC6}.Debug|Any CPU.ActiveCfg = Debug|Any CPU
		{5B87ACEA-6694-4717-865A-C91589A90FC6}.Debug|Any CPU.Build.0 = Debug|Any CPU
		{5B87ACEA-6694-4717-865A-C91589A90FC6}.Release|Any CPU.ActiveCfg = Release|Any CPU
		{5B87ACEA-6694-4717-865A-C91589A90FC6}.Release|Any CPU.Build.0 = Release|Any CPU
		{6FB01904-D75D-408C-AAAC-EFE830EB9ECE}.Debug|Any CPU.ActiveCfg = Debug|Any CPU
		{6FB01904-D75D-408C-AAAC-EFE830EB9ECE}.Debug|Any CPU.Build.0 = Debug|Any CPU
		{6FB01904-D75D-408C-AAAC-EFE830EB9ECE}.Release|Any CPU.ActiveCfg = Release|Any CPU
		{6FB01904-D75D-408C-AAAC-EFE830EB9ECE}.Release|Any CPU.Build.0 = Release|Any CPU
	EndGlobalSection
	GlobalSection(SolutionProperties) = preSolution
		HideSolutionNode = FALSE
	EndGlobalSection
	GlobalSection(ExtensibilityGlobals) = postSolution
		SolutionGuid = {EDEECE9D-2E45-49E6-9D4A-20E2DCFAF221}
	EndGlobalSection
EndGlobal
